
Microsoft Visual Studio Solution File, Format Version 12.00
# Visual Studio Version 17
VisualStudioVersion = 17.11.35327.3
MinimumVisualStudioVersion = 10.0.40219.1
Project("{FAE04EC0-301F-11D3-BF4B-00C04F79EFBC}") = "Dinica_Baturov", "Dinica_Baturov\Dinica_Baturov.csproj", "{98390B0E-8480-4171-A9C0-2E363BB534DF}"
EndProject
Global
	GlobalSection(SolutionConfigurationPlatforms) = preSolution
		Debug|Any CPU = Debug|Any CPU
		Release|Any CPU = Release|Any CPU
	EndGlobalSection
	GlobalSection(ProjectConfigurationPlatforms) = postSolution
		{98390B0E-8480-4171-A9C0-2E363BB534DF}.Debug|Any CPU.ActiveCfg = Debug|Any CPU
		{98390B0E-8480-4171-A9C0-2E363BB534DF}.Debug|Any CPU.Build.0 = Debug|Any CPU
		{98390B0E-8480-4171-A9C0-2E363BB534DF}.Release|Any CPU.ActiveCfg = Release|Any CPU
		{98390B0E-8480-4171-A9C0-2E363BB534DF}.Release|Any CPU.Build.0 = Release|Any CPU
	EndGlobalSection
	GlobalSection(SolutionProperties) = preSolution
		HideSolutionNode = FALSE
	EndGlobalSection
	GlobalSection(ExtensibilityGlobals) = postSolution
		SolutionGuid = {FB378C66-FD02-48FA-BD10-76EACC3D5452}
	EndGlobalSection
EndGlobal
